filippo.io/age v1.3.1 sha256-Qs/q3zQYV0PukABBPf/aU5V1oOhw95NG6K301VYJk8A= h1:hbzdQOJkuaMEpRCLSN1/C5DX74RPcNCk6oqhKMXmZi0=
filippo.io/hpke v0.4.0 sha256-xKPT2hMzz/i3xdDK3NKn6FOmfQPxIMgxCOmm8U1heY4= h1:p575VVQ6ted4pL+it6M00V/f2qTZITO0zgmdKCkd5+A=
github.com/brandondube/tai v0.1.0 sha256-o32wvMW6waT/vJJkpjiCGxBNBUsqeAvnARhbsikRk50= h1:psVhcG48XNq1LtQtvz6C5+6JU+n1UFjE9XeYLLDJ/cs=
github.com/DataDog/zstd v1.5.7 sha256-GlSZOyix7Ct7tOKmSKpGckDjMhTtiYPBTpoWdwGLx5M= h1:ybO8RBeh29qrxIhCA9E8gKY6xfONU9T6G6aP9DTKfLE=
golang.org/x/crypto v0.50.0 sha256-vC1BJT7+3UBWLyEE5n3to0NKhMo6m2HGow2HiFgpQLo= h1:zO47/JPrL6vsNkINmLoo/PH1gcxpls50DNogFvB5ZGI=
golang.org/x/exp v0.0.0-20260410095643-746e56fc9e2f sha256-JaDJGLIRoJjjvsg3dgfFuo7XApEJO2V4kUDmd58qTLI= h1:W3F4c+6OLc6H2lb//N1q4WpJkhzJCK5J6kUi1NTVXfM=
golang.org/x/sys v0.43.0 sha256-aDQXqSTZES2l/132PBxhZN4ywldpPyfm7LByYCHzzwM= h1:Rlag2XtaFTxp19wS8MXlJwTvoh8ArU6ezoyFsMyCTNI=
golang.org/x/term v0.42.0 sha256-FCiDvAfq7dgBGQuiDYDFJbj/JPawhrmPF2qdUEftQ1c= h1:UiKe+zDFmJobeJ5ggPwOshJIVt6/Ft0rcfrXZDLWAWY=
golang.org/x/text v0.36.0 sha256-/0t9C6Mc8kYjxweFB0us2lGKo8GovHhBiq5nlMOppC0= h1:JfKh3XmcRPqZPKevfXVpI1wXPTqbkE5f7JA92a55Yxg=
golang.org/x/xerrors v0.0.0-20240903120638-7835f813f4da sha256-bE7CcrnAvryNvM26ieJGXqbAtuLwHaGcmtVMsVnksqo= h1:noIWHXmPHxILtqtCOPIhSt0ABwskkZKjD3bXGnZGpNY=
