c2sp.org/CCTV/age v0.0.0-20251208015420-e9274a7bdbfd sha256-Ykf7JWhXxXhLMUz7Yo5lavzTW3bX/QEMLOp1rMfqHUk= h1:ZLsPO6WdZ5zatV4UfVpr7oAwLGRZ+sebTUruuM4Ra3M=
filippo.io/age v1.3.1 sha256-Qs/q3zQYV0PukABBPf/aU5V1oOhw95NG6K301VYJk8A= h1:hbzdQOJkuaMEpRCLSN1/C5DX74RPcNCk6oqhKMXmZi0=
filippo.io/hpke v0.4.0 sha256-xKPT2hMzz/i3xdDK3NKn6FOmfQPxIMgxCOmm8U1heY4= h1:p575VVQ6ted4pL+it6M00V/f2qTZITO0zgmdKCkd5+A=
github.com/aymanbagabas/go-osc52/v2 v2.0.1 sha256-6Bp0jBZ6npvsYcKZGHHIUSVSTAMEyieweAX2YAKDjjg= h1:HwpRHbFMcZLEVr42D4p7XBqjyuxQH5SMiErDT4WkJ2k=
github.com/brandondube/tai v0.1.0 sha256-o32wvMW6waT/vJJkpjiCGxBNBUsqeAvnARhbsikRk50= h1:psVhcG48XNq1LtQtvz6C5+6JU+n1UFjE9XeYLLDJ/cs=
github.com/charmbracelet/bubbles v1.0.0 sha256-Vz9QgctlzJqggPwfi48Lbn38ZJXu3Y71byp5uuuzUvU= h1:12J8/ak/uCZEMQ6KU7pcfwceyjLlWsDLAxB5fXonfvc=
github.com/charmbracelet/bubbletea v1.3.10 sha256-7wr85TLszu1CHNEMv+o4w+r24Z0xdzCgecPv+ZtRX/A= h1:otUDHWMMzQSB0Pkc87rm691KZ3SWa4KUlvF9nRvCICw=
github.com/charmbracelet/colorprofile v0.4.1 sha256-d/NjM/ybG+bGRRRMMcjbPCFGFS5noZRMaL05Ix5r/II= h1:a1lO03qTrSIRaK8c3JRxJDZOvhvIeSco3ej+ngLk1kk=
github.com/charmbracelet/harmonica v0.2.0 sha256-fi5N0IXhSbbYHdSZFngCfpT4kdiEaKedqj8YpnlvX0o= h1:8NxJWRWg/bzKqqEaaeFNipOu77YR5t8aSwG4pgaUBiQ=
github.com/charmbracelet/lipgloss v1.1.0 sha256-RHsRT2EZ1nDOElxAK+6/DC9XAaGVjDTgPvRh3pyCfY4= h1:vYXsiLHVkK7fp74RkV7b2kq9+zDLoEU4MZoFqR/noCY=
github.com/charmbracelet/x/ansi v0.11.6 sha256-UToZIkqXl9MEppcRgbeBqaaMeAzRkGa0w3lVUs6sxWI= h1:GhV21SiDz/45W9AnV2R61xZMRri5NlLnl6CVF7ihZW8=
github.com/charmbracelet/x/cellbuf v0.0.15 sha256-0S60XaWhKZG+TB3Kqe1oMn2Okwdq53nym8XayVSHHiM= h1:ur3pZy0o6z/R7EylET877CBxaiE1Sp1GMxoFPAIztPI=
github.com/charmbracelet/x/conpty v0.1.1 sha256-U+QKCNbER2Yye5xShD2beueccKTbmfnl6F7B/IywJ9I= h1:s1bUxjoi7EpqiXysVtC+a8RrvPPNcNvAjfi4jxsAuEs=
github.com/charmbracelet/x/errors v0.0.0-20240508181413-e8d8b6e2de86 sha256-GO8hf0lhVtl00C+xoTzvBtPU2cO0PymSLc2szBRUNtE= h1:JSt3B+U9iqk37QUU2Rvb6DSBYRLtWqFqfxf8l5hOZUA=
github.com/charmbracelet/x/termios v0.1.1 sha256-sri3LpHCBhGvnJldDzBxwbbZpeSGZVCJFOUL45uBFds= h1:o3Q2bT8eqzGnGPOYheoYS8eEleT5ZVNYNy8JawjaNZY=
github.com/charmbracelet/x/term v0.2.2 sha256-KF7IU1Luxl/sZP6XjomWB2e3lxSUS4/5AahhapGir/4= h1:xVRT/S2ZcKdhhOuSP4t5cLi5o+JxklsoEObBSgfgZRk=
github.com/charmbracelet/x/xpty v0.1.3 sha256-lc9DXgXdpkyZb9O8YGjAxaSwGLN9kFUmBCcdjtIbrm0= h1:eGSitii4suhzrISYH50ZfufV3v085BXQwIytcOdFSsw=
github.com/clipperhouse/displaywidth v0.9.0 sha256-9CNyTZPSncKQ7Y0my9DR4WYXDjtDHYNL512D691WDAM= h1:Qb4KOhYwRiN3viMv1v/3cTBlz3AcAZX3+y9OLhMtAtA=
github.com/clipperhouse/stringish v0.1.1 sha256-Mp8M1CRbwr6dcJ4BD9tXD5I78ZgCFEm0GDxJv0GYReg= h1:+NSqMOr3GR6k1FdRhhnXrLfztGzuG+VuFDfatpWHKCs=
github.com/clipperhouse/uax29/v2 v2.5.0 sha256-Men4JLhiuEtAx8ZSzId5ciRWhud68o3k/B48ppwyxkM= h1:x7T0T4eTHDONxFJsL94uKNKPHrclyFI0lm7+w94cO8U=
github.com/creack/pty v1.1.24 sha256-6oSurN/ZYr/KHxKKU6Qbw9w8CDKmPa8yL00pZ24H0AM= h1:bJrF4RRfyJnbTJqzRLHzcGaZK1NeM5kTC9jGgovnR1s=
github.com/DataDog/zstd v1.5.7 sha256-GlSZOyix7Ct7tOKmSKpGckDjMhTtiYPBTpoWdwGLx5M= h1:ybO8RBeh29qrxIhCA9E8gKY6xfONU9T6G6aP9DTKfLE=
github.com/davecgh/go-spew v1.1.0 sha256-zNSuzjr5n7zhK8VOciSigLMfbnHbmyzsWdTcMlV1kjQ= h1:ZDRjVQ15GmhC3fiQ8ni8+OwkZQO4DARzQgrnXU1Liz8=
github.com/dave/jennifer v1.7.1 sha256-tKr4x0m+Nup2X9UyxIK+5ZXzrb1vyfPzc9hD2xh6H6g= h1:B4jJJDHelWcDhlRQxWeo0Npa/pYKBLrirAQoTN45txo=
github.com/erikgeiser/coninput v0.0.0-20211004153227-1c3628e74d0f sha256-OWSqN1+IoL73rWXWdbbcahZu8n2al90Y3eT5Z0vgHvU= h1:Y/CXytFA4m6baUTXGLOoWe4PQhGxaX0KpnayAqC48p4=
github.com/golangci/plugin-module-register v0.1.2 sha256-1ynPByzfsjZtScZyxl36ARmva6rSIxIyDi6P7pQwl30= h1:e5WM6PO6NIAEcij3B053CohVp3HIYbzSuP53UAYgOpg=
github.com/google/go-cmp v0.7.0 sha256-JbxZFBFGCh/Rj5XZ1vG94V2x7c18L8XKB0N9ZD5F2rM= h1:wk8382ETsv4JYUZwIsn6YpYiWiBsYLSJiTsyBybVuN8=
github.com/google/shlex v0.0.0-20191202100458-e7afc7fbc510 sha256-1f392pCmS7AXVKXIC1SvKlYtK/rvW47F5CCkGT2G6JM= h1:El6M4kTTCOh6aBiKaUGG7oYTSPP8MxqL4YI3kZKwcP4=
github.com/go-quicktest/qt v1.101.0 sha256-/dGNGhn9Jvdb6D95qbN1DLfS6H7ZS4G4AubU9zUDgdU= h1:O1K29Txy5P2OK0dGo59b7b0LR6wKfIhttaAhHUyn7eI=
github.com/kr/pretty v0.3.1 sha256-DlER7XM+xiaLjvebcIPiB12oVNjyZHuJHoRGITzzpKU= h1:flRD4NNwYAUpkphVc1HcthR4KEIFJ65n8Mw5qdRn3LE=
github.com/kr/text v0.2.0 sha256-fadcWxZOORv44oak3jTxm6YcITcFxdGt4bpn869HxUE= h1:5Nx0Ya0ZqY2ygV366QzturHI13Jq95ApcVaJBhpS+AY=
github.com/lucasb-eyer/go-colorful v1.3.0 sha256-6BKrJsfmxie+YFAWzTYVPQfrwjQEXRo+J8LY+50C1BU= h1:2/yBRLdWBZKrf7gB40FoiKfAWYQ0lqNcbuQwVHXptag=
github.com/mattn/go-isatty v0.0.20 sha256-qhw9hWtU5wnyFyuMbKx+7RB8ckQaFQ8D+8GKPkN3HHQ= h1:xfD0iDuEKnDkl03q4limB+vH+GxLEtL/jb4xVJSWWEY=
github.com/mattn/go-localereader v0.0.1 sha256-JlWckeGaWG+bXK8l8WEdZqmSiTwCA8b1qbmBKa/Fj3E= h1:ygSAOl7ZXTx4RdPYinUpg6W99U8jWvWi9Ye2JC/oIi4=
github.com/mattn/go-runewidth v0.0.19 sha256-GpnbKplhX410Q/eIdknvWbYZgdav1keN+7wNUeOSMHE= h1:v++JhqYnZuu5jSKrk9RbgF5v4CGUjqRfBm05byFGLdw=
github.com/muesli/ansi v0.0.0-20230316100256-276c6243b2f6 sha256-qRKn0Bh2yvP0QxeEMeZe11Vz0BPFIkVcleKsPeybKMs= h1:ZK8zHtRHOkbHy6Mmr5D264iyp3TiX5OmNcI5cIARiQI=
github.com/muesli/cancelreader v0.2.2 sha256-uEPpzwRJBJsQWBw6M71FDfgJuR7n55d/7IV8MO+rpwQ= h1:3I4Kt4BQjOR54NavqnDogx/MIoWBFa0StPA8ELUXHmA=
github.com/muesli/termenv v0.16.0 sha256-hGo275DJlyLtcifSLpWnk8jardOksdeX9lH4lBeE3gI= h1:S5AlUN9dENB57rsbnkPyfdGuWIlkmzJjbFf0Tf5FWUc=
github.com/pmezard/go-difflib v1.0.0 sha256-/FtmHnaGjdvEIKAJtrUfEhV7EVo5A/eYrtdnUkuxLDA= h1:4DBwDE0NGyQoBHbLQYPwSUPoCMWR5BEzIk/f1lZbAQM=
github.com/rivo/uniseg v0.4.7 sha256-rDcdNYH6ZD8KouyyiZCUEy8JrjOQoAkxHBhugrfHjFo= h1:WUdvkW8uEhrYfLC4ZzdpI2ztxP1I582+49Oc5Mq64VQ=
github.com/rogpeppe/go-internal v1.14.1 sha256-6NzhXCCD1Qhj05WHbCDxH5hwfNM6psoAk7uIxm7N55E= h1:UQB4HGPB6osV0SQTLymcB4TgvyWu6ZyliaW0tI/otEQ=
github.com/stretchr/testify v1.3.0 sha256-+mSebBNccNcxbY462iKTNTWmd5ZuUkUqFebccn3EtIA= h1:TivCn/peBQ7UY8ooIcPgZFpTNSz0Q2U6UrFlUfqbe0Q=
github.com/tonistiigi/vt100 v0.0.0-20240514184818-90bafcd6abab sha256-wKPRNpBKP8AOTrWYMwyqIz+v6RsNDgiAYRMEU5UfU+4= h1:H6aJ0yKQ0gF49Qb2z5hI1UHxSQt4JMyxebFR15KnApw=
github.com/xo/terminfo v0.0.0-20220910002029-abceb7e1c41e sha256-GyCDxxMQhXA3Pi/TsWXpA8cX5akEoZV7CFx4RO3rARU= h1:JVG44RsyaB9T2KIHavMF/ppJZNG9ZpyihvCd0w101no=
github.com/yuin/gopher-lua v1.1.2 sha256-2YMCxv7RO3uqq6OTjvE0kR9nTt+n2cF+MrLtGEW68po= h1:yF/FjE3hD65tBbt0VXLE13HWS9h34fdzJmrWRXwobGA=
golang.org/x/crypto v0.50.0 sha256-vC1BJT7+3UBWLyEE5n3to0NKhMo6m2HGow2HiFgpQLo= h1:zO47/JPrL6vsNkINmLoo/PH1gcxpls50DNogFvB5ZGI=
golang.org/x/exp v0.0.0-20260410095643-746e56fc9e2f sha256-JaDJGLIRoJjjvsg3dgfFuo7XApEJO2V4kUDmd58qTLI= h1:W3F4c+6OLc6H2lb//N1q4WpJkhzJCK5J6kUi1NTVXfM=
golang.org/x/mod v0.35.0 sha256-ICEQxokHywOFInDPqoP+go9l1tZSz3roknF5SXPtNV4= h1:Ww1D637e6Pg+Zb2KrWfHQUnH2dQRLBQyAtpr/haaJeM=
golang.org/x/sync v0.20.0 sha256-ybcjhCfK6lroUM0yswUvWooW8MOQZBXyiSqoxG6Uy0Y= h1:e0PTpb7pjO8GAtTs2dQ6jYa5BWYlMuX047Dco/pItO4=
golang.org/x/sys v0.43.0 sha256-aDQXqSTZES2l/132PBxhZN4ywldpPyfm7LByYCHzzwM= h1:Rlag2XtaFTxp19wS8MXlJwTvoh8ArU6ezoyFsMyCTNI=
golang.org/x/term v0.42.0 sha256-FCiDvAfq7dgBGQuiDYDFJbj/JPawhrmPF2qdUEftQ1c= h1:UiKe+zDFmJobeJ5ggPwOshJIVt6/Ft0rcfrXZDLWAWY=
golang.org/x/text v0.36.0 sha256-/0t9C6Mc8kYjxweFB0us2lGKo8GovHhBiq5nlMOppC0= h1:JfKh3XmcRPqZPKevfXVpI1wXPTqbkE5f7JA92a55Yxg=
golang.org/x/tools v0.44.0 sha256-xuj5FLtSJsAojLLTLXtPdLAIFNTKoVFbDMuqRXmj2W4= h1:UP4ajHPIcuMjT1GqzDWRlalUEoY+uzoZKnhOjbIPD2c=
golang.org/x/xerrors v0.0.0-20240903120638-7835f813f4da sha256-bE7CcrnAvryNvM26ieJGXqbAtuLwHaGcmtVMsVnksqo= h1:noIWHXmPHxILtqtCOPIhSt0ABwskkZKjD3bXGnZGpNY=
mvdan.cc/sh/v3 v3.13.1 sha256-FM+2xpGELZLm4Gc09OE5Z3JeNLPMvzeb1wRcdAIeKy4= h1:DP3TfgZhDkT7lerUdnp6PTGKyxxzz6T+cOlY/xEvfWk=
