github.com/dave/jennifer v1.7.1 sha256-tKr4x0m+Nup2X9UyxIK+5ZXzrb1vyfPzc9hD2xh6H6g= h1:B4jJJDHelWcDhlRQxWeo0Npa/pYKBLrirAQoTN45txo=
golang.org/x/mod v0.34.0 sha256-BJgLn+wh9s/XyS2LDmnXTj4ooR+r0Ew2SlxvJA+6GCs= h1:xIHgNUUnW6sYkcM5Jleh05DvLOtwc6RitGHbDk4akRI=
golang.org/x/sync v0.20.0 sha256-ybcjhCfK6lroUM0yswUvWooW8MOQZBXyiSqoxG6Uy0Y= h1:e0PTpb7pjO8GAtTs2dQ6jYa5BWYlMuX047Dco/pItO4=
golang.org/x/tools v0.43.0 sha256-CqwqQl9inMT0/5LJ8hmV3HNR1XdI/xBFbi3305VJUlo= h1:12BdW9CeB3Z+J/I/wj34VMl8X+fEXBxVR90JeMX5E7s=
